{
  "originHash" : "2e5d2e19af1c9f90555b599f230c3e298234411e117f9290236203da730ad62b",
  "pins" : [
    {
      "identity" : "sparkle",
      "kind" : "remoteSourceControl",
      "location" : "https://github.com/sparkle-project/Sparkle.git",
      "state" : {
        "revision" : "ac2def288cbff5cfc7df3ffef6abdf45b72bcb0a",
        "version" : "2.9.6"
      }
    },
    {
      "identity" : "swift-asn1",
      "kind" : "remoteSourceControl",
      "location" : "https://github.com/apple/swift-asn1.git",
      "state" : {
        "revision" : "d9a5b37470adc940d22c3bcd5ca6953a516b727f",
        "version" : "1.7.2"
      }
    },
    {
      "identity" : "swift-crypto",
      "kind" : "remoteSourceControl",
      "location" : "https://github.com/apple/swift-crypto.git",
      "state" : {
        "revision" : "95ba0316a9b733e92bb6b071255ff46263bbe7dc",
        "version" : "3.15.1"
      }
    }
  ],
  "version" : 3
}
